
Microsoft Visual Studio Solution File, Format Version 12.00
# Visual Studio Version 17
VisualStudioVersion = 17.14.36518.9
MinimumVisualStudioVersion = 10.0.40219.1
Project("{FAE04EC0-301F-11D3-BF4B-00C04F79EFBC}") = "MessageWrapperMediatR", "MessageWrapperMediatR\MessageWrapperMediatR.csproj", "{C7041182-ADC3-4DE6-80E7-28B70265E67F}"
EndProject
Project("{FAE04EC0-301F-11D3-BF4B-00C04F79EFBC}") = "MessageWrapperMediatR.Domain", "MessageWrapperMediatR.Domain\MessageWrapperMediatR.Domain.csproj", "{FF5FD6EC-9728-44F7-9EF8-2DF4EE869EF8}"
EndProject
Project("{FAE04EC0-301F-11D3-BF4B-00C04F79EFBC}") = "MessageWrapperMediatR.Application", "MessageWrapperMediatR.Application\MessageWrapperMediatR.Application.csproj", "{15365405-6C35-45F9-AEDF-FC074EE330CE}"
EndProject
Project("{FAE04EC0-301F-11D3-BF4B-00C04F79EFBC}") = "MessageWrapperMediatR.Infrastructure", "MessageWrapperMediatR.Infrastructure\MessageWrapperMediatR.Infrastructure.csproj", "{4C235A40-924C-4E9F-BC5D-21354E800795}"
EndProject
Project("{FAE04EC0-301F-11D3-BF4B-00C04F79EFBC}") = "MessageWrapperMediatR.Infrastructure.RabbitMq", "MessageWrapperMediatR.Infrastructure.RabbitMq\MessageWrapperMediatR.Infrastructure.RabbitMq.csproj", "{BDECCFFF-EB9E-4BE1-BB9F-40FE050874FA}"
EndProject
Project("{FAE04EC0-301F-11D3-BF4B-00C04F79EFBC}") = "MessageWrapperMediatR.Infrastructure.Messaging", "MessageWrapperMediatR.Infrastructure.Messaging\MessageWrapperMediatR.Infrastructure.Messaging.csproj", "{AAAC1398-2945-4A43-8412-4AF83905170C}"
EndProject
Global
	GlobalSection(SolutionConfigurationPlatforms) = preSolution
		Debug|Any CPU = Debug|Any CPU
		Release|Any CPU = Release|Any CPU
	EndGlobalSection
	GlobalSection(ProjectConfigurationPlatforms) = postSolution
		{C7041182-ADC3-4DE6-80E7-28B70265E67F}.Debug|Any CPU.ActiveCfg = Debug|Any CPU
		{C7041182-ADC3-4DE6-80E7-28B70265E67F}.Debug|Any CPU.Build.0 = Debug|Any CPU
		{C7041182-ADC3-4DE6-80E7-28B70265E67F}.Release|Any CPU.ActiveCfg = Release|Any CPU
		{C7041182-ADC3-4DE6-80E7-28B70265E67F}.Release|Any CPU.Build.0 = Release|Any CPU
		{FF5FD6EC-9728-44F7-9EF8-2DF4EE869EF8}.Debug|Any CPU.ActiveCfg = Debug|Any CPU
		{FF5FD6EC-9728-44F7-9EF8-2DF4EE869EF8}.Debug|Any CPU.Build.0 = Debug|Any CPU
		{FF5FD6EC-9728-44F7-9EF8-2DF4EE869EF8}.Release|Any CPU.ActiveCfg = Release|Any CPU
		{FF5FD6EC-9728-44F7-9EF8-2DF4EE869EF8}.Release|Any CPU.Build.0 = Release|Any CPU
		{15365405-6C35-45F9-AEDF-FC074EE330CE}.Debug|Any CPU.ActiveCfg = Debug|Any CPU
		{15365405-6C35-45F9-AEDF-FC074EE330CE}.Debug|Any CPU.Build.0 = Debug|Any CPU
		{15365405-6C35-45F9-AEDF-FC074EE330CE}.Release|Any CPU.ActiveCfg = Release|Any CPU
		{15365405-6C35-45F9-AEDF-FC074EE330CE}.Release|Any CPU.Build.0 = Release|Any CPU
		{4C235A40-924C-4E9F-BC5D-21354E800795}.Debug|Any CPU.ActiveCfg = Debug|Any CPU
		{4C235A40-924C-4E9F-BC5D-21354E800795}.Debug|Any CPU.Build.0 = Debug|Any CPU
		{4C235A40-924C-4E9F-BC5D-21354E800795}.Release|Any CPU.ActiveCfg = Release|Any CPU
		{4C235A40-924C-4E9F-BC5D-21354E800795}.Release|Any CPU.Build.0 = Release|Any CPU
		{BDECCFFF-EB9E-4BE1-BB9F-40FE050874FA}.Debug|Any CPU.ActiveCfg = Debug|Any CPU
		{BDECCFFF-EB9E-4BE1-BB9F-40FE050874FA}.Debug|Any CPU.Build.0 = Debug|Any CPU
		{BDECCFFF-EB9E-4BE1-BB9F-40FE050874FA}.Release|Any CPU.ActiveCfg = Release|Any CPU
		{BDECCFFF-EB9E-4BE1-BB9F-40FE050874FA}.Release|Any CPU.Build.0 = Release|Any CPU
		{AAAC1398-2945-4A43-8412-4AF83905170C}.Debug|Any CPU.ActiveCfg = Debug|Any CPU
		{AAAC1398-2945-4A43-8412-4AF83905170C}.Debug|Any CPU.Build.0 = Debug|Any CPU
		{AAAC1398-2945-4A43-8412-4AF83905170C}.Release|Any CPU.ActiveCfg = Release|Any CPU
		{AAAC1398-2945-4A43-8412-4AF83905170C}.Release|Any CPU.Build.0 = Release|Any CPU
	EndGlobalSection
	GlobalSection(SolutionProperties) = preSolution
		HideSolutionNode = FALSE
	EndGlobalSection
	GlobalSection(ExtensibilityGlobals) = postSolution
		SolutionGuid = {426B7683-4FE6-4200-9F54-988D9F2F4197}
	EndGlobalSection
EndGlobal
